
Microsoft Visual Studio Solution File, Format Version 12.00
# Visual Studio Version 16
VisualStudioVersion = 16.0.30204.135
MinimumVisualStudioVersion = 10.0.40219.1
Project("{FAE04EC0-301F-11D3-BF4B-00C04F79EFBC}") = "DatabaseFirstApp", "DatabaseFirstApp.csproj", "{2563417D-460D-4144-8429-39EE77010F0E}"
EndProject
Global
	GlobalSection(SolutionConfigurationPlatforms) = preSolution
		Debug|Any CPU = Debug|Any CPU
		Release|Any CPU = Release|Any CPU
	EndGlobalSection
	GlobalSection(ProjectConfigurationPlatforms) = postSolution
		{2563417D-460D-4144-8429-39EE77010F0E}.Debug|Any CPU.ActiveCfg = Debug|Any CPU
		{2563417D-460D-4144-8429-39EE77010F0E}.Debug|Any CPU.Build.0 = Debug|Any CPU
		{2563417D-460D-4144-8429-39EE77010F0E}.Release|Any CPU.ActiveCfg = Release|Any CPU
		{2563417D-460D-4144-8429-39EE77010F0E}.Release|Any CPU.Build.0 = Release|Any CPU
	EndGlobalSection
	GlobalSection(SolutionProperties) = preSolution
		HideSolutionNode = FALSE
	EndGlobalSection
	GlobalSection(ExtensibilityGlobals) = postSolution
		SolutionGuid = {2A7D1656-536A-4E82-91E6-38463580578C}
	EndGlobalSection
EndGlobal
